// !$*UTF8*$!
{
	archiveVersion = 1;
	classes = {
	};
	objectVersion = 46;
	objects = {

/* Begin PBXBuildFile section */
		F59E24A71ECD5B4A0010E609 /* AppDelegate.swift in Sources */ = {isa = PBXBuildFile; fileRef = F59E24A61ECD5B4A0010E609 /* AppDelegate.swift */; };
		F59E24A91ECD5B4A0010E609 /* ViewController.swift in Sources */ = {isa = PBXBuildFile; fileRef = F59E24A81ECD5B4A0010E609 /* ViewController.swift */; };
		F59E24AC1ECD5B4A0010E609 /* Main.storyboard in Resources */ = {isa = PBXBuildFile; fileRef = F59E24AA1ECD5B4A0010E609 /* Main.storyboard */; };
		F59E24AE1ECD5B4A0010E609 /* Assets.xcassets in Resources */ = {isa = PBXBuildFile; fileRef = F59E24AD1ECD5B4A0010E609 /* Assets.xcassets */; };
		F59E24B11ECD5B4A0010E609 /* LaunchScreen.storyboard in Resources */ = {isa = PBXBuildFile; fileRef = F59E24AF1ECD5B4A0010E609 /* LaunchScreen.storyboard */; };
		F59E24BC1ECD5B4A0010E609 /* PhotoFiltersTests.swift in Sources */ = {isa = PBXBuildFile; fileRef = F59E24BB1ECD5B4A0010E609 /* PhotoFiltersTests.swift */; };
		F59E24C71ECD5CDC0010E609 /* Gannondorf.png in Resources */ = {isa = PBXBuildFile; fileRef = F59E24C61ECD5CDC0010E609 /* Gannondorf.png */; };
/* End PBXBuildFile section */

/* Begin PBXContainerItemProxy section */
		F59E24B81ECD5B4A0010E609 /* PBXContainerItemProxy */ = {
			isa = PBXContainerItemProxy;
			containerPortal = F59E249B1ECD5B4A0010E609 /* Project object */;
			proxyType = 1;
			remoteGlobalIDString = F59E24A21ECD5B4A0010E609;
			remoteInfo = PhotoFilters;
		};
/* End PBXContainerItemProxy section */

/* Begin PBXFileReference section */
		F59E24A31ECD5B4A0010E609 /* PhotoFilters.app */ = {isa = PBXFileReference; explicitFileType = wrapper.application; includeInIndex = 0; path = PhotoFilters.app; sourceTree = BUILT_PRODUCTS_DIR; };
		F59E24A61ECD5B4A0010E609 /* AppDelegate.swift */ = {isa = PBXFileReference; lastKnownFileType = sourcecode.swift; path = AppDelegate.swift; sourceTree = "<group>"; };
		F59E24A81ECD5B4A0010E609 /* ViewController.swift */ = {isa = PBXFileReference; lastKnownFileType = sourcecode.swift; path = ViewController.swift; sourceTree = "<group>"; };
		F59E24AB1ECD5B4A0010E609 /* Base */ = {isa = PBXFileReference; lastKnownFileType = file.storyboard; name = Base; path = Base.lproj/Main.storyboard; sourceTree = "<group>"; };
		F59E24AD1ECD5B4A0010E609 /* Assets.xcassets */ = {isa = PBXFileReference; lastKnownFileType = folder.assetcatalog; path = Assets.xcassets; sourceTree = "<group>"; };
		F59E24B01ECD5B4A0010E609 /* Base */ = {isa = PBXFileReference; lastKnownFileType = file.storyboard; name = Base; path = Base.lproj/LaunchScreen.storyboard; sourceTree = "<group>"; };
		F59E24B21ECD5B4A0010E609 /* Info.plist */ = {isa = PBXFileReference; lastKnownFileType = text.plist.xml; path = Info.plist; sourceTree = "<group>"; };
		F59E24B71ECD5B4A0010E609 /* PhotoFiltersTests.xctest */ = {isa = PBXFileReference; explicitFileType = wrapper.cfbundle; includeInIndex = 0; path = PhotoFiltersTests.xctest; sourceTree = BUILT_PRODUCTS_DIR; };
		F59E24BB1ECD5B4A0010E609 /* PhotoFiltersTests.swift */ = {isa = PBXFileReference; lastKnownFileType = sourcecode.swift; path = PhotoFiltersTests.swift; sourceTree = "<group>"; };
		F59E24BD1ECD5B4A0010E609 /* Info.plist */ = {isa = PBXFileReference; lastKnownFileType = text.plist.xml; path = Info.plist; sourceTree = "<group>"; };
		F59E24C61ECD5CDC0010E609 /* Gannondorf.png */ = {isa = PBXFileReference; lastKnownFileType = image.png; name = Gannondorf.png; path = ../../../Gallery/Gannondorf.png; sourceTree = "<group>"; };
/* End PBXFileReference section */

/* Begin PBXFrameworksBuildPhase section */
		F59E24A01ECD5B4A0010E609 /* Frameworks */ = {
			isa = PBXFrameworksBuildPhase;
			buildActionMask = 2147483647;
			files = (
			);
			runOnlyForDeploymentPostprocessing = 0;
		};
		F59E24B41ECD5B4A0010E609 /* Frameworks */ = {
			isa = PBXFrameworksBuildPhase;
			buildActionMask = 2147483647;
			files = (
			);
			runOnlyForDeploymentPostprocessing = 0;
		};
/* End PBXFrameworksBuildPhase section */

/* Begin PBXGroup section */
		F59E249A1ECD5B4A0010E609 = {
			isa = PBXGroup;
			children = (
				F59E24A51ECD5B4A0010E609 /* PhotoFilters */,
				F59E24BA1ECD5B4A0010E609 /* PhotoFiltersTests */,
				F59E24A41ECD5B4A0010E609 /* Products */,
			);
			sourceTree = "<group>";
		};
		F59E24A41ECD5B4A0010E609 /* Products */ = {
			isa = PBXGroup;
			children = (
				F59E24A31ECD5B4A0010E609 /* PhotoFilters.app */,
				F59E24B71ECD5B4A0010E609 /* PhotoFiltersTests.xctest */,
			);
			name = Products;
			sourceTree = "<group>";
		};
		F59E24A51ECD5B4A0010E609 /* PhotoFilters */ = {
			isa = PBXGroup;
			children = (
				F59E24C61ECD5CDC0010E609 /* Gannondorf.png */,
				F59E24A61ECD5B4A0010E609 /* AppDelegate.swift */,
				F59E24A81ECD5B4A0010E609 /* ViewController.swift */,
				F59E24AA1ECD5B4A0010E609 /* Main.storyboard */,
				F59E24AD1ECD5B4A0010E609 /* Assets.xcassets */,
				F59E24AF1ECD5B4A0010E609 /* LaunchScreen.storyboard */,
				F59E24B21ECD5B4A0010E609 /* Info.plist */,
			);
			path = PhotoFilters;
			sourceTree = "<group>";
		};
		F59E24BA1ECD5B4A0010E609 /* PhotoFiltersTests */ = {
			isa = PBXGroup;
			children = (
				F59E24BB1ECD5B4A0010E609 /* PhotoFiltersTests.swift */,
				F59E24BD1ECD5B4A0010E609 /* Info.plist */,
			);
			path = PhotoFiltersTests;
			sourceTree = "<group>";
		};
/* End PBXGroup section */

/* Begin PBXNativeTarget section */
		F59E24A21ECD5B4A0010E609 /* PhotoFilters */ = {
			isa = PBXNativeTarget;
			buildConfigurationList = F59E24C01ECD5B4A0010E609 /* Build configuration list for PBXNativeTarget "PhotoFilters" */;
			buildPhases = (
				F59E249F1ECD5B4A0010E609 /* Sources */,
				F59E24A01ECD5B4A0010E609 /* Frameworks */,
				F59E24A11ECD5B4A0010E609 /* Resources */,
			);
			buildRules = (
			);
			dependencies = (
			);
			name = PhotoFilters;
			productName = PhotoFilters;
			productReference = F59E24A31ECD5B4A0010E609 /* PhotoFilters.app */;
			productType = "com.apple.product-type.application";
		};
		F59E24B61ECD5B4A0010E609 /* PhotoFiltersTests */ = {
			isa = PBXNativeTarget;
			buildConfigurationList = F59E24C31ECD5B4A0010E609 /* Build configuration list for PBXNativeTarget "PhotoFiltersTests" */;
			buildPhases = (
				F59E24B31ECD5B4A0010E609 /* Sources */,
				F59E24B41ECD5B4A0010E609 /* Frameworks */,
				F59E24B51ECD5B4A0010E609 /* Resources */,
			);
			buildRules = (
			);
			dependencies = (
				F59E24B91ECD5B4A0010E609 /* PBXTargetDependency */,
			);
			name = PhotoFiltersTests;
			productName = PhotoFiltersTests;
			productReference = F59E24B71ECD5B4A0010E609 /* PhotoFiltersTests.xctest */;
			productType = "com.apple.product-type.bundle.unit-test";
		};
/* End PBXNativeTarget section */

/* Begin PBXProject section */
		F59E249B1ECD5B4A0010E609 /* Project object */ = {
			isa = PBXProject;
			attributes = {
				LastSwiftUpdateCheck = 0830;
				LastUpgradeCheck = 0830;
				ORGANIZATIONNAME = "Victor M Ramos";
				TargetAttributes = {
					F59E24A21ECD5B4A0010E609 = {
						CreatedOnToolsVersion = 8.3.2;
						DevelopmentTeam = 4L5T5JK53Q;
						ProvisioningStyle = Automatic;
					};
					F59E24B61ECD5B4A0010E609 = {
						CreatedOnToolsVersion = 8.3.2;
						ProvisioningStyle = Automatic;
						TestTargetID = F59E24A21ECD5B4A0010E609;
					};
				};
			};
			buildConfigurationList = F59E249E1ECD5B4A0010E609 /* Build configuration list for PBXProject "PhotoFilters" */;
			compatibilityVersion = "Xcode 3.2";
			developmentRegion = English;
			hasScannedForEncodings = 0;
			knownRegions = (
				en,
				Base,
			);
			mainGroup = F59E249A1ECD5B4A0010E609;
			productRefGroup = F59E24A41ECD5B4A0010E609 /* Products */;
			projectDirPath = "";
			projectRoot = "";
			targets = (
				F59E24A21ECD5B4A0010E609 /* PhotoFilters */,
				F59E24B61ECD5B4A0010E609 /* PhotoFiltersTests */,
			);
		};
/* End PBXProject section */

/* Begin PBXResourcesBuildPhase section */
		F59E24A11ECD5B4A0010E609 /* Resources */ = {
			isa = PBXResourcesBuildPhase;
			buildActionMask = 2147483647;
			files = (
				F59E24B11ECD5B4A0010E609 /* LaunchScreen.storyboard in Resources */,
				F59E24C71ECD5CDC0010E609 /* Gannondorf.png in Resources */,
				F59E24AE1ECD5B4A0010E609 /* Assets.xcassets in Resources */,
				F59E24AC1ECD5B4A0010E609 /* Main.storyboard in Resources */,
			);
			runOnlyForDeploymentPostprocessing = 0;
		};
		F59E24B51ECD5B4A0010E609 /* Resources */ = {
			isa = PBXResourcesBuildPhase;
			buildActionMask = 2147483647;
			files = (
			);
			runOnlyForDeploymentPostprocessing = 0;
		};
/* End PBXResourcesBuildPhase section */

/* Begin PBXSourcesBuildPhase section */
		F59E249F1ECD5B4A0010E609 /* Sources */ = {
			isa = PBXSourcesBuildPhase;
			buildActionMask = 2147483647;
			files = (
				F59E24A91ECD5B4A0010E609 /* ViewController.swift in Sources */,
				F59E24A71ECD5B4A0010E609 /* AppDelegate.swift in Sources */,
			);
			runOnlyForDeploymentPostprocessing = 0;
		};
		F59E24B31ECD5B4A0010E609 /* Sources */ = {
			isa = PBXSourcesBuildPhase;
			buildActionMask = 2147483647;
			files = (
				F59E24BC1ECD5B4A0010E609 /* PhotoFiltersTests.swift in Sources */,
			);
			runOnlyForDeploymentPostprocessing = 0;
		};
/* End PBXSourcesBuildPhase section */

/* Begin PBXTargetDependency section */
		F59E24B91ECD5B4A0010E609 /* PBXTargetDependency */ = {
			isa = PBXTargetDependency;
			target = F59E24A21ECD5B4A0010E609 /* PhotoFilters */;
			targetProxy = F59E24B81ECD5B4A0010E609 /* PBXContainerItemProxy */;
		};
/* End PBXTargetDependency section */

/* Begin PBXVariantGroup section */
		F59E24AA1ECD5B4A0010E609 /* Main.storyboard */ = {
			isa = PBXVariantGroup;
			children = (
				F59E24AB1ECD5B4A0010E609 /* Base */,
			);
			name = Main.storyboard;
			sourceTree = "<group>";
		};
		F59E24AF1ECD5B4A0010E609 /* LaunchScreen.storyboard */ = {
			isa = PBXVariantGroup;
			children = (
				F59E24B01ECD5B4A0010E609 /* Base */,
			);
			name = LaunchScreen.storyboard;
			sourceTree = "<group>";
		};
/* End PBXVariantGroup section */

/* Begin XCBuildConfiguration section */
		F59E24BE1ECD5B4A0010E609 /* Debug */ = {
			isa = XCBuildConfiguration;
			buildSettings = {
				ALWAYS_SEARCH_USER_PATHS = NO;
				CLANG_ANALYZER_NONNULL = YES;
				CLANG_ANALYZER_NUMBER_OBJECT_CONVERSION = YES_AGGRESSIVE;
				CLANG_CXX_LANGUAGE_STANDARD = "gnu++0x";
				CLANG_CXX_LIBRARY = "libc++";
				CLANG_ENABLE_MODULES = YES;
				CLANG_ENABLE_OBJC_ARC = YES;
				CLANG_WARN_BOOL_CONVERSION = YES;
				CLANG_WARN_CONSTANT_CONVERSION = YES;
				CLANG_WARN_DIRECT_OBJC_ISA_USAGE = YES_ERROR;
				CLANG_WARN_DOCUMENTATION_COMMENTS = YES;
				CLANG_WARN_EMPTY_BODY = YES;
				CLANG_WARN_ENUM_CONVERSION = YES;
				CLANG_WARN_INFINITE_RECURSION = YES;
				CLANG_WARN_INT_CONVERSION = YES;
				CLANG_WARN_OBJC_ROOT_CLASS = YES_ERROR;
				CLANG_WARN_SUSPICIOUS_MOVE = YES;
				CLANG_WARN_UNREACHABLE_CODE = YES;
				CLANG_WARN__DUPLICATE_METHOD_MATCH = YES;
				"CODE_SIGN_IDENTITY[sdk=iphoneos*]" = "iPhone Developer";
				COPY_PHASE_STRIP = NO;
				DEBUG_INFORMATION_FORMAT = dwarf;
				ENABLE_STRICT_OBJC_MSGSEND = YES;
				ENABLE_TESTABILITY = YES;
				GCC_C_LANGUAGE_STANDARD = gnu99;
				GCC_DYNAMIC_NO_PIC = NO;
				GCC_NO_COMMON_BLOCKS = YES;
				GCC_OPTIMIZATION_LEVEL = 0;
				GCC_PREPROCESSOR_DEFINITIONS = (
					"DEBUG=1",
					"$(inherited)",
				);
				GCC_WARN_64_TO_32_BIT_CONVERSION = YES;
				GCC_WARN_ABOUT_RETURN_TYPE = YES_ERROR;
				GCC_WARN_UNDECLARED_SELECTOR = YES;
				GCC_WARN_UNINITIALIZED_AUTOS = YES_AGGRESSIVE;
				GCC_WARN_UNUSED_FUNCTION = YES;
				GCC_WARN_UNUSED_VARIABLE = YES;
				IPHONEOS_DEPLOYMENT_TARGET = 10.3;
				MTL_ENABLE_DEBUG_INFO = YES;
				ONLY_ACTIVE_ARCH = YES;
				SDKROOT = iphoneos;
				SWIFT_ACTIVE_COMPILATION_CONDITIONS = DEBUG;
				SWIFT_OPTIMIZATION_LEVEL = "-Onone";
				TARGETED_DEVICE_FAMILY = "1,2";
			};
			name = Debug;
		};
		F59E24BF1ECD5B4A0010E609 /* Release */ = {
			isa = XCBuildConfiguration;
			buildSettings = {
				ALWAYS_SEARCH_USER_PATHS = NO;
				CLANG_ANALYZER_NONNULL = YES;
				CLANG_ANALYZER_NUMBER_OBJECT_CONVERSION = YES_AGGRESSIVE;
				CLANG_CXX_LANGUAGE_STANDARD = "gnu++0x";
				CLANG_CXX_LIBRARY = "libc++";
				CLANG_ENABLE_MODULES = YES;
				CLANG_ENABLE_OBJC_ARC = YES;
				CLANG_WARN_BOOL_CONVERSION = YES;
				CLANG_WARN_CONSTANT_CONVERSION = YES;
				CLANG_WARN_DIRECT_OBJC_ISA_USAGE = YES_ERROR;
				CLANG_WARN_DOCUMENTATION_COMMENTS = YES;
				CLANG_WARN_EMPTY_BODY = YES;
				CLANG_WARN_ENUM_CONVERSION = YES;
				CLANG_WARN_INFINITE_RECURSION = YES;
				CLANG_WARN_INT_CONVERSION = YES;
				CLANG_WARN_OBJC_ROOT_CLASS = YES_ERROR;
				CLANG_WARN_SUSPICIOUS_MOVE = YES;
				CLANG_WARN_UNREACHABLE_CODE = YES;
				CLANG_WARN__DUPLICATE_METHOD_MATCH = YES;
				"CODE_SIGN_IDENTITY[sdk=iphoneos*]" = "iPhone Developer";
				COPY_PHASE_STRIP = NO;
				DEBUG_INFORMATION_FORMAT = "dwarf-with-dsym";
				ENABLE_NS_ASSERTIONS = NO;
				ENABLE_STRICT_OBJC_MSGSEND = YES;
				GCC_C_LANGUAGE_STANDARD = gnu99;
				GCC_NO_COMMON_BLOCKS = YES;
				GCC_WARN_64_TO_32_BIT_CONVERSION = YES;
				GCC_WARN_ABOUT_RETURN_TYPE = YES_ERROR;
				GCC_WARN_UNDECLARED_SELECTOR = YES;
				GCC_WARN_UNINITIALIZED_AUTOS = YES_AGGRESSIVE;
				GCC_WARN_UNUSED_FUNCTION = YES;
				GCC_WARN_UNUSED_VARIABLE = YES;
				IPHONEOS_DEPLOYMENT_TARGET = 10.3;
				MTL_ENABLE_DEBUG_INFO = NO;
				SDKROOT = iphoneos;
				SWIFT_OPTIMIZATION_LEVEL = "-Owholemodule";
				TARGETED_DEVICE_FAMILY = "1,2";
				VALIDATE_PRODUCT = YES;
			};
			name = Release;
		};
		F59E24C11ECD5B4A0010E609 /* Debug */ = {
			isa = XCBuildConfiguration;
			buildSettings = {
				ASSETCATALOG_COMPILER_APPICON_NAME = AppIcon;
				DEVELOPMENT_TEAM = 4L5T5JK53Q;
				INFOPLIST_FILE = PhotoFilters/Info.plist;
				LD_RUNPATH_SEARCH_PATHS = "$(inherited) @executable_path/Frameworks";
				PRODUCT_BUNDLE_IDENTIFIER = com.example.PhotoFiltersTwo;
				PRODUCT_NAME = "$(TARGET_NAME)";
				SWIFT_VERSION = 3.0;
			};
			name = Debug;
		};
		F59E24C21ECD5B4A0010E609 /* Release */ = {
			isa = XCBuildConfiguration;
			buildSettings = {
				ASSETCATALOG_COMPILER_APPICON_NAME = AppIcon;
				DEVELOPMENT_TEAM = 4L5T5JK53Q;
				INFOPLIST_FILE = PhotoFilters/Info.plist;
				LD_RUNPATH_SEARCH_PATHS = "$(inherited) @executable_path/Frameworks";
				PRODUCT_BUNDLE_IDENTIFIER = com.example.PhotoFiltersTwo;
				PRODUCT_NAME = "$(TARGET_NAME)";
				SWIFT_VERSION = 3.0;
			};
			name = Release;
		};
		F59E24C41ECD5B4A0010E609 /* Debug */ = {
			isa = XCBuildConfiguration;
			buildSettings = {
				ALWAYS_EMBED_SWIFT_STANDARD_LIBRARIES = YES;
				BUNDLE_LOADER = "$(TEST_HOST)";
				INFOPLIST_FILE = PhotoFiltersTests/Info.plist;
				LD_RUNPATH_SEARCH_PATHS = "$(inherited) @executable_path/Frameworks @loader_path/Frameworks";
				PRODUCT_BUNDLE_IDENTIFIER = com.example.PhotoFiltersTests;
				PRODUCT_NAME = "$(TARGET_NAME)";
				SWIFT_VERSION = 3.0;
				TEST_HOST = "$(BUILT_PRODUCTS_DIR)/PhotoFilters.app/PhotoFilters";
			};
			name = Debug;
		};
		F59E24C51ECD5B4A0010E609 /* Release */ = {
			isa = XCBuildConfiguration;
			buildSettings = {
				ALWAYS_EMBED_SWIFT_STANDARD_LIBRARIES = YES;
				BUNDLE_LOADER = "$(TEST_HOST)";
				INFOPLIST_FILE = PhotoFiltersTests/Info.plist;
				LD_RUNPATH_SEARCH_PATHS = "$(inherited) @executable_path/Frameworks @loader_path/Frameworks";
				PRODUCT_BUNDLE_IDENTIFIER = com.example.PhotoFiltersTests;
				PRODUCT_NAME = "$(TARGET_NAME)";
				SWIFT_VERSION = 3.0;
				TEST_HOST = "$(BUILT_PRODUCTS_DIR)/PhotoFilters.app/PhotoFilters";
			};
			name = Release;
		};
/* End XCBuildConfiguration section */

/* Begin XCConfigurationList section */
		F59E249E1ECD5B4A0010E609 /* Build configuration list for PBXProject "PhotoFilters" */ = {
			isa = XCConfigurationList;
			buildConfigurations = (
				F59E24BE1ECD5B4A0010E609 /* Debug */,
				F59E24BF1ECD5B4A0010E609 /* Release */,
			);
			defaultConfigurationIsVisible = 0;
			defaultConfigurationName = Release;
		};
		F59E24C01ECD5B4A0010E609 /* Build configuration list for PBXNativeTarget "PhotoFilters" */ = {
			isa = XCConfigurationList;
			buildConfigurations = (
				F59E24C11ECD5B4A0010E609 /* Debug */,
				F59E24C21ECD5B4A0010E609 /* Release */,
			);
			defaultConfigurationIsVisible = 0;
		};
		F59E24C31ECD5B4A0010E609 /* Build configuration list for PBXNativeTarget "PhotoFiltersTests" */ = {
			isa = XCConfigurationList;
			buildConfigurations = (
				F59E24C41ECD5B4A0010E609 /* Debug */,
				F59E24C51ECD5B4A0010E609 /* Release */,
			);
			defaultConfigurationIsVisible = 0;
		};
/* End XCConfigurationList section */
	};
	rootObject = F59E249B1ECD5B4A0010E609 /* Project object */;
}
